
Microsoft Visual Studio Solution File, Format Version 12.00
# Visual Studio 15
VisualStudioVersion = 15.0.27004.2005
MinimumVisualStudioVersion = 10.0.40219.1
Project("{FAE04EC0-301F-11D3-BF4B-00C04F79EFBC}") = "App3.Android", "App3\App3.Android\App3.Android.csproj", "{AEA89A18-18AA-4CCA-985C-1F365AC7844D}"
EndProject
Project("{FAE04EC0-301F-11D3-BF4B-00C04F79EFBC}") = "App3", "App3\App3\App3.csproj", "{3E1AB8E5-9DC1-4F4D-8292-E1B6C3F8167B}"
EndProject
Project("{FAE04EC0-301F-11D3-BF4B-00C04F79EFBC}") = "App3.UWP", "App3\App3.UWP\App3.UWP.csproj", "{612CFD39-6931-49F1-8897-22CFDC4B4DF8}"
EndProject
Project("{FAE04EC0-301F-11D3-BF4B-00C04F79EFBC}") = "App3.iOS", "App3\App3.iOS\App3.iOS.csproj", "{1F7C674E-AA03-44BC-BB83-1BBE93855FC8}"
EndProject
Project("{FAE04EC0-301F-11D3-BF4B-00C04F79EFBC}") = "UITest1", "UITest1\UITest1.csproj", "{3D74D02B-4514-4D31-BD24-0CC12E996A04}"
EndProject
Global
	GlobalSection(SolutionConfigurationPlatforms) = preSolution
		Ad-Hoc|Any CPU = Ad-Hoc|Any CPU
		Ad-Hoc|ARM = Ad-Hoc|ARM
		Ad-Hoc|iPhone = Ad-Hoc|iPhone
		Ad-Hoc|iPhoneSimulator = Ad-Hoc|iPhoneSimulator
		Ad-Hoc|x64 = Ad-Hoc|x64
		Ad-Hoc|x86 = Ad-Hoc|x86
		AppStore|Any CPU = AppStore|Any CPU
		AppStore|ARM = AppStore|ARM
		AppStore|iPhone = AppStore|iPhone
		AppStore|iPhoneSimulator = AppStore|iPhoneSimulator
		AppStore|x64 = AppStore|x64
		AppStore|x86 = AppStore|x86
		Debug|Any CPU = Debug|Any CPU
		Debug|ARM = Debug|ARM
		Debug|iPhone = Debug|iPhone
		Debug|iPhoneSimulator = Debug|iPhoneSimulator
		Debug|x64 = Debug|x64
		Debug|x86 = Debug|x86
		Release|Any CPU = Release|Any CPU
		Release|ARM = Release|ARM
		Release|iPhone = Release|iPhone
		Release|iPhoneSimulator = Release|iPhoneSimulator
		Release|x64 = Release|x64
		Release|x86 = Release|x86
	EndGlobalSection
	GlobalSection(ProjectConfigurationPlatforms) = postSolution
		{AEA89A18-18AA-4CCA-985C-1F365AC7844D}.Ad-Hoc|Any CPU.ActiveCfg = Release|Any CPU
		{AEA89A18-18AA-4CCA-985C-1F365AC7844D}.Ad-Hoc|Any CPU.Build.0 = Release|Any CPU
		{AEA89A18-18AA-4CCA-985C-1F365AC7844D}.Ad-Hoc|Any CPU.Deploy.0 = Release|Any CPU
		{AEA89A18-18AA-4CCA-985C-1F365AC7844D}.Ad-Hoc|ARM.ActiveCfg = Release|Any CPU
		{AEA89A18-18AA-4CCA-985C-1F365AC7844D}.Ad-Hoc|ARM.Build.0 = Release|Any CPU
		{AEA89A18-18AA-4CCA-985C-1F365AC7844D}.Ad-Hoc|ARM.Deploy.0 = Release|Any CPU
		{AEA89A18-18AA-4CCA-985C-1F365AC7844D}.Ad-Hoc|iPhone.ActiveCfg = Release|Any CPU
		{AEA89A18-18AA-4CCA-985C-1F365AC7844D}.Ad-Hoc|iPhone.Build.0 = Release|Any CPU
		{AEA89A18-18AA-4CCA-985C-1F365AC7844D}.Ad-Hoc|iPhone.Deploy.0 = Release|Any CPU
		{AEA89A18-18AA-4CCA-985C-1F365AC7844D}.Ad-Hoc|iPhoneSimulator.ActiveCfg = Release|Any CPU
		{AEA89A18-18AA-4CCA-985C-1F365AC7844D}.Ad-Hoc|iPhoneSimulator.Build.0 = Release|Any CPU
		{AEA89A18-18AA-4CCA-985C-1F365AC7844D}.Ad-Hoc|iPhoneSimulator.Deploy.0 = Release|Any CPU
		{AEA89A18-18AA-4CCA-985C-1F365AC7844D}.Ad-Hoc|x64.ActiveCfg = Release|Any CPU
		{AEA89A18-18AA-4CCA-985C-1F365AC7844D}.Ad-Hoc|x64.Build.0 = Release|Any CPU
		{AEA89A18-18AA-4CCA-985C-1F365AC7844D}.Ad-Hoc|x64.Deploy.0 = Release|Any CPU
		{AEA89A18-18AA-4CCA-985C-1F365AC7844D}.Ad-Hoc|x86.ActiveCfg = Release|Any CPU
		{AEA89A18-18AA-4CCA-985C-1F365AC7844D}.Ad-Hoc|x86.Build.0 = Release|Any CPU
		{AEA89A18-18AA-4CCA-985C-1F365AC7844D}.Ad-Hoc|x86.Deploy.0 = Release|Any CPU
		{AEA89A18-18AA-4CCA-985C-1F365AC7844D}.AppStore|Any CPU.ActiveCfg = Release|Any CPU
		{AEA89A18-18AA-4CCA-985C-1F365AC7844D}.AppStore|Any CPU.Build.0 = Release|Any CPU
		{AEA89A18-18AA-4CCA-985C-1F365AC7844D}.AppStore|Any CPU.Deploy.0 = Release|Any CPU
		{AEA89A18-18AA-4CCA-985C-1F365AC7844D}.AppStore|ARM.ActiveCfg = Release|Any CPU
		{AEA89A18-18AA-4CCA-985C-1F365AC7844D}.AppStore|ARM.Build.0 = Release|Any CPU
		{AEA89A18-18AA-4CCA-985C-1F365AC7844D}.AppStore|ARM.Deploy.0 = Release|Any CPU
		{AEA89A18-18AA-4CCA-985C-1F365AC7844D}.AppStore|iPhone.ActiveCfg = Release|Any CPU
		{AEA89A18-18AA-4CCA-985C-1F365AC7844D}.AppStore|iPhone.Build.0 = Release|Any CPU
		{AEA89A18-18AA-4CCA-985C-1F365AC7844D}.AppStore|iPhone.Deploy.0 = Release|Any CPU
		{AEA89A18-18AA-4CCA-985C-1F365AC7844D}.AppStore|iPhoneSimulator.ActiveCfg = Release|Any CPU
		{AEA89A18-18AA-4CCA-985C-1F365AC7844D}.AppStore|iPhoneSimulator.Build.0 = Release|Any CPU
		{AEA89A18-18AA-4CCA-985C-1F365AC7844D}.AppStore|iPhoneSimulator.Deploy.0 = Release|Any CPU
		{AEA89A18-18AA-4CCA-985C-1F365AC7844D}.AppStore|x64.ActiveCfg = Release|Any CPU
		{AEA89A18-18AA-4CCA-985C-1F365AC7844D}.AppStore|x64.Build.0 = Release|Any CPU
		{AEA89A18-18AA-4CCA-985C-1F365AC7844D}.AppStore|x64.Deploy.0 = Release|Any CPU
		{AEA89A18-18AA-4CCA-985C-1F365AC7844D}.AppStore|x86.ActiveCfg = Release|Any CPU
		{AEA89A18-18AA-4CCA-985C-1F365AC7844D}.AppStore|x86.Build.0 = Release|Any CPU
		{AEA89A18-18AA-4CCA-985C-1F365AC7844D}.AppStore|x86.Deploy.0 = Release|Any CPU
		{AEA89A18-18AA-4CCA-985C-1F365AC7844D}.Debug|Any CPU.ActiveCfg = Debug|Any CPU
		{AEA89A18-18AA-4CCA-985C-1F365AC7844D}.Debug|Any CPU.Build.0 = Debug|Any CPU
		{AEA89A18-18AA-4CCA-985C-1F365AC7844D}.Debug|Any CPU.Deploy.0 = Debug|Any CPU
		{AEA89A18-18AA-4CCA-985C-1F365AC7844D}.Debug|ARM.ActiveCfg = Debug|Any CPU
		{AEA89A18-18AA-4CCA-985C-1F365AC7844D}.Debug|ARM.Build.0 = Debug|Any CPU
		{AEA89A18-18AA-4CCA-985C-1F365AC7844D}.Debug|ARM.Deploy.0 = Debug|Any CPU
		{AEA89A18-18AA-4CCA-985C-1F365AC7844D}.Debug|iPhone.ActiveCfg = Debug|Any CPU
		{AEA89A18-18AA-4CCA-985C-1F365AC7844D}.Debug|iPhone.Build.0 = Debug|Any CPU
		{AEA89A18-18AA-4CCA-985C-1F365AC7844D}.Debug|iPhone.Deploy.0 = Debug|Any CPU
		{AEA89A18-18AA-4CCA-985C-1F365AC7844D}.Debug|iPhoneSimulator.ActiveCfg = Debug|Any CPU
		{AEA89A18-18AA-4CCA-985C-1F365AC7844D}.Debug|x64.ActiveCfg = Debug|Any CPU
		{AEA89A18-18AA-4CCA-985C-1F365AC7844D}.Debug|x64.Build.0 = Debug|Any CPU
		{AEA89A18-18AA-4CCA-985C-1F365AC7844D}.Debug|x64.Deploy.0 = Debug|Any CPU
		{AEA89A18-18AA-4CCA-985C-1F365AC7844D}.Debug|x86.ActiveCfg = Debug|Any CPU
		{AEA89A18-18AA-4CCA-985C-1F365AC7844D}.Debug|x86.Build.0 = Debug|Any CPU
		{AEA89A18-18AA-4CCA-985C-1F365AC7844D}.Debug|x86.Deploy.0 = Debug|Any CPU
		{AEA89A18-18AA-4CCA-985C-1F365AC7844D}.Release|Any CPU.ActiveCfg = Release|Any CPU
		{AEA89A18-18AA-4CCA-985C-1F365AC7844D}.Release|Any CPU.Build.0 = Release|Any CPU
		{AEA89A18-18AA-4CCA-985C-1F365AC7844D}.Release|Any CPU.Deploy.0 = Release|Any CPU
		{AEA89A18-18AA-4CCA-985C-1F365AC7844D}.Release|ARM.ActiveCfg = Release|Any CPU
		{AEA89A18-18AA-4CCA-985C-1F365AC7844D}.Release|ARM.Build.0 = Release|Any CPU
		{AEA89A18-18AA-4CCA-985C-1F365AC7844D}.Release|ARM.Deploy.0 = Release|Any CPU
		{AEA89A18-18AA-4CCA-985C-1F365AC7844D}.Release|iPhone.ActiveCfg = Release|Any CPU
		{AEA89A18-18AA-4CCA-985C-1F365AC7844D}.Release|iPhone.Build.0 = Release|Any CPU
		{AEA89A18-18AA-4CCA-985C-1F365AC7844D}.Release|iPhone.Deploy.0 = Release|Any CPU
		{AEA89A18-18AA-4CCA-985C-1F365AC7844D}.Release|iPhoneSimulator.ActiveCfg = Release|Any CPU
		{AEA89A18-18AA-4CCA-985C-1F365AC7844D}.Release|iPhoneSimulator.Build.0 = Release|Any CPU
		{AEA89A18-18AA-4CCA-985C-1F365AC7844D}.Release|iPhoneSimulator.Deploy.0 = Release|Any CPU
		{AEA89A18-18AA-4CCA-985C-1F365AC7844D}.Release|x64.ActiveCfg = Release|Any CPU
		{AEA89A18-18AA-4CCA-985C-1F365AC7844D}.Release|x64.Build.0 = Release|Any CPU
		{AEA89A18-18AA-4CCA-985C-1F365AC7844D}.Release|x64.Deploy.0 = Release|Any CPU
		{AEA89A18-18AA-4CCA-985C-1F365AC7844D}.Release|x86.ActiveCfg = Release|Any CPU
		{AEA89A18-18AA-4CCA-985C-1F365AC7844D}.Release|x86.Build.0 = Release|Any CPU
		{AEA89A18-18AA-4CCA-985C-1F365AC7844D}.Release|x86.Deploy.0 = Release|Any CPU
		{3E1AB8E5-9DC1-4F4D-8292-E1B6C3F8167B}.Ad-Hoc|Any CPU.ActiveCfg = Release|Any CPU
		{3E1AB8E5-9DC1-4F4D-8292-E1B6C3F8167B}.Ad-Hoc|Any CPU.Build.0 = Release|Any CPU
		{3E1AB8E5-9DC1-4F4D-8292-E1B6C3F8167B}.Ad-Hoc|ARM.ActiveCfg = Release|Any CPU
		{3E1AB8E5-9DC1-4F4D-8292-E1B6C3F8167B}.Ad-Hoc|ARM.Build.0 = Release|Any CPU
		{3E1AB8E5-9DC1-4F4D-8292-E1B6C3F8167B}.Ad-Hoc|iPhone.ActiveCfg = Release|Any CPU
		{3E1AB8E5-9DC1-4F4D-8292-E1B6C3F8167B}.Ad-Hoc|iPhone.Build.0 = Release|Any CPU
		{3E1AB8E5-9DC1-4F4D-8292-E1B6C3F8167B}.Ad-Hoc|iPhoneSimulator.ActiveCfg = Release|Any CPU
		{3E1AB8E5-9DC1-4F4D-8292-E1B6C3F8167B}.Ad-Hoc|iPhoneSimulator.Build.0 = Release|Any CPU
		{3E1AB8E5-9DC1-4F4D-8292-E1B6C3F8167B}.Ad-Hoc|x64.ActiveCfg = Release|Any CPU
		{3E1AB8E5-9DC1-4F4D-8292-E1B6C3F8167B}.Ad-Hoc|x64.Build.0 = Release|Any CPU
		{3E1AB8E5-9DC1-4F4D-8292-E1B6C3F8167B}.Ad-Hoc|x86.ActiveCfg = Release|Any CPU
		{3E1AB8E5-9DC1-4F4D-8292-E1B6C3F8167B}.Ad-Hoc|x86.Build.0 = Release|Any CPU
		{3E1AB8E5-9DC1-4F4D-8292-E1B6C3F8167B}.AppStore|Any CPU.ActiveCfg = Release|Any CPU
		{3E1AB8E5-9DC1-4F4D-8292-E1B6C3F8167B}.AppStore|Any CPU.Build.0 = Release|Any CPU
		{3E1AB8E5-9DC1-4F4D-8292-E1B6C3F8167B}.AppStore|ARM.ActiveCfg = Release|Any CPU
		{3E1AB8E5-9DC1-4F4D-8292-E1B6C3F8167B}.AppStore|ARM.Build.0 = Release|Any CPU
		{3E1AB8E5-9DC1-4F4D-8292-E1B6C3F8167B}.AppStore|iPhone.ActiveCfg = Release|Any CPU
		{3E1AB8E5-9DC1-4F4D-8292-E1B6C3F8167B}.AppStore|iPhone.Build.0 = Release|Any CPU
		{3E1AB8E5-9DC1-4F4D-8292-E1B6C3F8167B}.AppStore|iPhoneSimulator.ActiveCfg = Release|Any CPU
		{3E1AB8E5-9DC1-4F4D-8292-E1B6C3F8167B}.AppStore|iPhoneSimulator.Build.0 = Release|Any CPU
		{3E1AB8E5-9DC1-4F4D-8292-E1B6C3F8167B}.AppStore|x64.ActiveCfg = Release|Any CPU
		{3E1AB8E5-9DC1-4F4D-8292-E1B6C3F8167B}.AppStore|x64.Build.0 = Release|Any CPU
		{3E1AB8E5-9DC1-4F4D-8292-E1B6C3F8167B}.AppStore|x86.ActiveCfg = Release|Any CPU
		{3E1AB8E5-9DC1-4F4D-8292-E1B6C3F8167B}.AppStore|x86.Build.0 = Release|Any CPU
		{3E1AB8E5-9DC1-4F4D-8292-E1B6C3F8167B}.Debug|Any CPU.ActiveCfg = Debug|Any CPU
		{3E1AB8E5-9DC1-4F4D-8292-E1B6C3F8167B}.Debug|Any CPU.Build.0 = Debug|Any CPU
		{3E1AB8E5-9DC1-4F4D-8292-E1B6C3F8167B}.Debug|ARM.ActiveCfg = Debug|Any CPU
		{3E1AB8E5-9DC1-4F4D-8292-E1B6C3F8167B}.Debug|ARM.Build.0 = Debug|Any CPU
		{3E1AB8E5-9DC1-4F4D-8292-E1B6C3F8167B}.Debug|iPhone.ActiveCfg = Debug|Any CPU
		{3E1AB8E5-9DC1-4F4D-8292-E1B6C3F8167B}.Debug|iPhone.Build.0 = Debug|Any CPU
		{3E1AB8E5-9DC1-4F4D-8292-E1B6C3F8167B}.Debug|iPhoneSimulator.ActiveCfg = Debug|Any CPU
		{3E1AB8E5-9DC1-4F4D-8292-E1B6C3F8167B}.Debug|iPhoneSimulator.Build.0 = Debug|Any CPU
		{3E1AB8E5-9DC1-4F4D-8292-E1B6C3F8167B}.Debug|x64.ActiveCfg = Debug|Any CPU
		{3E1AB8E5-9DC1-4F4D-8292-E1B6C3F8167B}.Debug|x64.Build.0 = Debug|Any CPU
		{3E1AB8E5-9DC1-4F4D-8292-E1B6C3F8167B}.Debug|x86.ActiveCfg = Debug|Any CPU
		{3E1AB8E5-9DC1-4F4D-8292-E1B6C3F8167B}.Debug|x86.Build.0 = Debug|Any CPU
		{3E1AB8E5-9DC1-4F4D-8292-E1B6C3F8167B}.Release|Any CPU.ActiveCfg = Release|Any CPU
		{3E1AB8E5-9DC1-4F4D-8292-E1B6C3F8167B}.Release|Any CPU.Build.0 = Release|Any CPU
		{3E1AB8E5-9DC1-4F4D-8292-E1B6C3F8167B}.Release|ARM.ActiveCfg = Release|Any CPU
		{3E1AB8E5-9DC1-4F4D-8292-E1B6C3F8167B}.Release|ARM.Build.0 = Release|Any CPU
		{3E1AB8E5-9DC1-4F4D-8292-E1B6C3F8167B}.Release|iPhone.ActiveCfg = Release|Any CPU
		{3E1AB8E5-9DC1-4F4D-8292-E1B6C3F8167B}.Release|iPhone.Build.0 = Release|Any CPU
		{3E1AB8E5-9DC1-4F4D-8292-E1B6C3F8167B}.Release|iPhoneSimulator.ActiveCfg = Release|Any CPU
		{3E1AB8E5-9DC1-4F4D-8292-E1B6C3F8167B}.Release|iPhoneSimulator.Build.0 = Release|Any CPU
		{3E1AB8E5-9DC1-4F4D-8292-E1B6C3F8167B}.Release|x64.ActiveCfg = Release|Any CPU
		{3E1AB8E5-9DC1-4F4D-8292-E1B6C3F8167B}.Release|x64.Build.0 = Release|Any CPU
		{3E1AB8E5-9DC1-4F4D-8292-E1B6C3F8167B}.Release|x86.ActiveCfg = Release|Any CPU
		{3E1AB8E5-9DC1-4F4D-8292-E1B6C3F8167B}.Release|x86.Build.0 = Release|Any CPU
		{612CFD39-6931-49F1-8897-22CFDC4B4DF8}.Ad-Hoc|Any CPU.ActiveCfg = Release|x86
		{612CFD39-6931-49F1-8897-22CFDC4B4DF8}.Ad-Hoc|Any CPU.Build.0 = Release|x86
		{612CFD39-6931-49F1-8897-22CFDC4B4DF8}.Ad-Hoc|Any CPU.Deploy.0 = Release|x86
		{612CFD39-6931-49F1-8897-22CFDC4B4DF8}.Ad-Hoc|ARM.ActiveCfg = Release|ARM
		{612CFD39-6931-49F1-8897-22CFDC4B4DF8}.Ad-Hoc|ARM.Build.0 = Release|ARM
		{612CFD39-6931-49F1-8897-22CFDC4B4DF8}.Ad-Hoc|ARM.Deploy.0 = Release|ARM
		{612CFD39-6931-49F1-8897-22CFDC4B4DF8}.Ad-Hoc|iPhone.ActiveCfg = Release|x86
		{612CFD39-6931-49F1-8897-22CFDC4B4DF8}.Ad-Hoc|iPhone.Build.0 = Release|x86
		{612CFD39-6931-49F1-8897-22CFDC4B4DF8}.Ad-Hoc|iPhone.Deploy.0 = Release|x86
		{612CFD39-6931-49F1-8897-22CFDC4B4DF8}.Ad-Hoc|iPhoneSimulator.ActiveCfg = Release|x86
		{612CFD39-6931-49F1-8897-22CFDC4B4DF8}.Ad-Hoc|iPhoneSimulator.Build.0 = Release|x86
		{612CFD39-6931-49F1-8897-22CFDC4B4DF8}.Ad-Hoc|iPhoneSimulator.Deploy.0 = Release|x86
		{612CFD39-6931-49F1-8897-22CFDC4B4DF8}.Ad-Hoc|x64.ActiveCfg = Release|x64
		{612CFD39-6931-49F1-8897-22CFDC4B4DF8}.Ad-Hoc|x64.Build.0 = Release|x64
		{612CFD39-6931-49F1-8897-22CFDC4B4DF8}.Ad-Hoc|x64.Deploy.0 = Release|x64
		{612CFD39-6931-49F1-8897-22CFDC4B4DF8}.Ad-Hoc|x86.ActiveCfg = Release|x86
		{612CFD39-6931-49F1-8897-22CFDC4B4DF8}.Ad-Hoc|x86.Build.0 = Release|x86
		{612CFD39-6931-49F1-8897-22CFDC4B4DF8}.Ad-Hoc|x86.Deploy.0 = Release|x86
		{612CFD39-6931-49F1-8897-22CFDC4B4DF8}.AppStore|Any CPU.ActiveCfg = Release|x86
		{612CFD39-6931-49F1-8897-22CFDC4B4DF8}.AppStore|Any CPU.Build.0 = Release|x86
		{612CFD39-6931-49F1-8897-22CFDC4B4DF8}.AppStore|Any CPU.Deploy.0 = Release|x86
		{612CFD39-6931-49F1-8897-22CFDC4B4DF8}.AppStore|ARM.ActiveCfg = Release|ARM
		{612CFD39-6931-49F1-8897-22CFDC4B4DF8}.AppStore|ARM.Build.0 = Release|ARM
		{612CFD39-6931-49F1-8897-22CFDC4B4DF8}.AppStore|ARM.Deploy.0 = Release|ARM
		{612CFD39-6931-49F1-8897-22CFDC4B4DF8}.AppStore|iPhone.ActiveCfg = Release|x86
		{612CFD39-6931-49F1-8897-22CFDC4B4DF8}.AppStore|iPhone.Build.0 = Release|x86
		{612CFD39-6931-49F1-8897-22CFDC4B4DF8}.AppStore|iPhone.Deploy.0 = Release|x86
		{612CFD39-6931-49F1-8897-22CFDC4B4DF8}.AppStore|iPhoneSimulator.ActiveCfg = Release|x86
		{612CFD39-6931-49F1-8897-22CFDC4B4DF8}.AppStore|iPhoneSimulator.Build.0 = Release|x86
		{612CFD39-6931-49F1-8897-22CFDC4B4DF8}.AppStore|iPhoneSimulator.Deploy.0 = Release|x86
		{612CFD39-6931-49F1-8897-22CFDC4B4DF8}.AppStore|x64.ActiveCfg = Release|x64
		{612CFD39-6931-49F1-8897-22CFDC4B4DF8}.AppStore|x64.Build.0 = Release|x64
		{612CFD39-6931-49F1-8897-22CFDC4B4DF8}.AppStore|x64.Deploy.0 = Release|x64
		{612CFD39-6931-49F1-8897-22CFDC4B4DF8}.AppStore|x86.ActiveCfg = Release|x86
		{612CFD39-6931-49F1-8897-22CFDC4B4DF8}.AppStore|x86.Build.0 = Release|x86
		{612CFD39-6931-49F1-8897-22CFDC4B4DF8}.AppStore|x86.Deploy.0 = Release|x86
		{612CFD39-6931-49F1-8897-22CFDC4B4DF8}.Debug|Any CPU.ActiveCfg = Debug|x86
		{612CFD39-6931-49F1-8897-22CFDC4B4DF8}.Debug|ARM.ActiveCfg = Debug|ARM
		{612CFD39-6931-49F1-8897-22CFDC4B4DF8}.Debug|ARM.Build.0 = Debug|ARM
		{612CFD39-6931-49F1-8897-22CFDC4B4DF8}.Debug|ARM.Deploy.0 = Debug|ARM
		{612CFD39-6931-49F1-8897-22CFDC4B4DF8}.Debug|iPhone.ActiveCfg = Debug|x86
		{612CFD39-6931-49F1-8897-22CFDC4B4DF8}.Debug|iPhoneSimulator.ActiveCfg = Debug|x86
		{612CFD39-6931-49F1-8897-22CFDC4B4DF8}.Debug|x64.ActiveCfg = Debug|x64
		{612CFD39-6931-49F1-8897-22CFDC4B4DF8}.Debug|x64.Build.0 = Debug|x64
		{612CFD39-6931-49F1-8897-22CFDC4B4DF8}.Debug|x64.Deploy.0 = Debug|x64
		{612CFD39-6931-49F1-8897-22CFDC4B4DF8}.Debug|x86.ActiveCfg = Debug|x86
		{612CFD39-6931-49F1-8897-22CFDC4B4DF8}.Debug|x86.Build.0 = Debug|x86
		{612CFD39-6931-49F1-8897-22CFDC4B4DF8}.Debug|x86.Deploy.0 = Debug|x86
		{612CFD39-6931-49F1-8897-22CFDC4B4DF8}.Release|Any CPU.ActiveCfg = Release|x86
		{612CFD39-6931-49F1-8897-22CFDC4B4DF8}.Release|ARM.ActiveCfg = Release|ARM
		{612CFD39-6931-49F1-8897-22CFDC4B4DF8}.Release|ARM.Build.0 = Release|ARM
		{612CFD39-6931-49F1-8897-22CFDC4B4DF8}.Release|ARM.Deploy.0 = Release|ARM
		{612CFD39-6931-49F1-8897-22CFDC4B4DF8}.Release|iPhone.ActiveCfg = Release|x86
		{612CFD39-6931-49F1-8897-22CFDC4B4DF8}.Release|iPhoneSimulator.ActiveCfg = Release|x86
		{612CFD39-6931-49F1-8897-22CFDC4B4DF8}.Release|x64.ActiveCfg = Release|x64
		{612CFD39-6931-49F1-8897-22CFDC4B4DF8}.Release|x64.Build.0 = Release|x64
		{612CFD39-6931-49F1-8897-22CFDC4B4DF8}.Release|x64.Deploy.0 = Release|x64
		{612CFD39-6931-49F1-8897-22CFDC4B4DF8}.Release|x86.ActiveCfg = Release|x86
		{612CFD39-6931-49F1-8897-22CFDC4B4DF8}.Release|x86.Build.0 = Release|x86
		{612CFD39-6931-49F1-8897-22CFDC4B4DF8}.Release|x86.Deploy.0 = Release|x86
		{1F7C674E-AA03-44BC-BB83-1BBE93855FC8}.Ad-Hoc|Any CPU.ActiveCfg = Ad-Hoc|iPhoneSimulator
		{1F7C674E-AA03-44BC-BB83-1BBE93855FC8}.Ad-Hoc|ARM.ActiveCfg = Ad-Hoc|iPhone
		{1F7C674E-AA03-44BC-BB83-1BBE93855FC8}.Ad-Hoc|iPhone.ActiveCfg = Ad-Hoc|iPhone
		{1F7C674E-AA03-44BC-BB83-1BBE93855FC8}.Ad-Hoc|iPhone.Build.0 = Ad-Hoc|iPhone
		{1F7C674E-AA03-44BC-BB83-1BBE93855FC8}.Ad-Hoc|iPhoneSimulator.ActiveCfg = Ad-Hoc|iPhoneSimulator
		{1F7C674E-AA03-44BC-BB83-1BBE93855FC8}.Ad-Hoc|iPhoneSimulator.Build.0 = Ad-Hoc|iPhoneSimulator
		{1F7C674E-AA03-44BC-BB83-1BBE93855FC8}.Ad-Hoc|x64.ActiveCfg = Ad-Hoc|iPhone
		{1F7C674E-AA03-44BC-BB83-1BBE93855FC8}.Ad-Hoc|x86.ActiveCfg = Ad-Hoc|iPhone
		{1F7C674E-AA03-44BC-BB83-1BBE93855FC8}.AppStore|Any CPU.ActiveCfg = AppStore|iPhoneSimulator
		{1F7C674E-AA03-44BC-BB83-1BBE93855FC8}.AppStore|ARM.ActiveCfg = AppStore|iPhone
		{1F7C674E-AA03-44BC-BB83-1BBE93855FC8}.AppStore|iPhone.ActiveCfg = AppStore|iPhone
		{1F7C674E-AA03-44BC-BB83-1BBE93855FC8}.AppStore|iPhone.Build.0 = AppStore|iPhone
		{1F7C674E-AA03-44BC-BB83-1BBE93855FC8}.AppStore|iPhoneSimulator.ActiveCfg = AppStore|iPhoneSimulator
		{1F7C674E-AA03-44BC-BB83-1BBE93855FC8}.AppStore|iPhoneSimulator.Build.0 = AppStore|iPhoneSimulator
		{1F7C674E-AA03-44BC-BB83-1BBE93855FC8}.AppStore|x64.ActiveCfg = AppStore|iPhone
		{1F7C674E-AA03-44BC-BB83-1BBE93855FC8}.AppStore|x86.ActiveCfg = AppStore|iPhone
		{1F7C674E-AA03-44BC-BB83-1BBE93855FC8}.Debug|Any CPU.ActiveCfg = Debug|iPhoneSimulator
		{1F7C674E-AA03-44BC-BB83-1BBE93855FC8}.Debug|ARM.ActiveCfg = Debug|iPhone
		{1F7C674E-AA03-44BC-BB83-1BBE93855FC8}.Debug|iPhone.ActiveCfg = Debug|iPhone
		{1F7C674E-AA03-44BC-BB83-1BBE93855FC8}.Debug|iPhone.Build.0 = Debug|iPhone
		{1F7C674E-AA03-44BC-BB83-1BBE93855FC8}.Debug|iPhoneSimulator.ActiveCfg = Debug|iPhoneSimulator
		{1F7C674E-AA03-44BC-BB83-1BBE93855FC8}.Debug|iPhoneSimulator.Build.0 = Debug|iPhoneSimulator
		{1F7C674E-AA03-44BC-BB83-1BBE93855FC8}.Debug|x64.ActiveCfg = Debug|iPhone
		{1F7C674E-AA03-44BC-BB83-1BBE93855FC8}.Debug|x86.ActiveCfg = Debug|iPhone
		{1F7C674E-AA03-44BC-BB83-1BBE93855FC8}.Release|Any CPU.ActiveCfg = Release|iPhoneSimulator
		{1F7C674E-AA03-44BC-BB83-1BBE93855FC8}.Release|ARM.ActiveCfg = Release|iPhone
		{1F7C674E-AA03-44BC-BB83-1BBE93855FC8}.Release|iPhone.ActiveCfg = Release|iPhone
		{1F7C674E-AA03-44BC-BB83-1BBE93855FC8}.Release|iPhone.Build.0 = Release|iPhone
		{1F7C674E-AA03-44BC-BB83-1BBE93855FC8}.Release|iPhoneSimulator.ActiveCfg = Release|iPhoneSimulator
		{1F7C674E-AA03-44BC-BB83-1BBE93855FC8}.Release|iPhoneSimulator.Build.0 = Release|iPhoneSimulator
		{1F7C674E-AA03-44BC-BB83-1BBE93855FC8}.Release|x64.ActiveCfg = Release|iPhone
		{1F7C674E-AA03-44BC-BB83-1BBE93855FC8}.Release|x86.ActiveCfg = Release|iPhone
		{3D74D02B-4514-4D31-BD24-0CC12E996A04}.Ad-Hoc|Any CPU.ActiveCfg = Release|Any CPU
		{3D74D02B-4514-4D31-BD24-0CC12E996A04}.Ad-Hoc|Any CPU.Build.0 = Release|Any CPU
		{3D74D02B-4514-4D31-BD24-0CC12E996A04}.Ad-Hoc|ARM.ActiveCfg = Release|Any CPU
		{3D74D02B-4514-4D31-BD24-0CC12E996A04}.Ad-Hoc|ARM.Build.0 = Release|Any CPU
		{3D74D02B-4514-4D31-BD24-0CC12E996A04}.Ad-Hoc|iPhone.ActiveCfg = Release|Any CPU
		{3D74D02B-4514-4D31-BD24-0CC12E996A04}.Ad-Hoc|iPhone.Build.0 = Release|Any CPU
		{3D74D02B-4514-4D31-BD24-0CC12E996A04}.Ad-Hoc|iPhoneSimulator.ActiveCfg = Release|Any CPU
		{3D74D02B-4514-4D31-BD24-0CC12E996A04}.Ad-Hoc|iPhoneSimulator.Build.0 = Release|Any CPU
		{3D74D02B-4514-4D31-BD24-0CC12E996A04}.Ad-Hoc|x64.ActiveCfg = Release|Any CPU
		{3D74D02B-4514-4D31-BD24-0CC12E996A04}.Ad-Hoc|x64.Build.0 = Release|Any CPU
		{3D74D02B-4514-4D31-BD24-0CC12E996A04}.Ad-Hoc|x86.ActiveCfg = Release|Any CPU
		{3D74D02B-4514-4D31-BD24-0CC12E996A04}.Ad-Hoc|x86.Build.0 = Release|Any CPU
		{3D74D02B-4514-4D31-BD24-0CC12E996A04}.AppStore|Any CPU.ActiveCfg = Release|Any CPU
		{3D74D02B-4514-4D31-BD24-0CC12E996A04}.AppStore|Any CPU.Build.0 = Release|Any CPU
		{3D74D02B-4514-4D31-BD24-0CC12E996A04}.AppStore|ARM.ActiveCfg = Release|Any CPU
		{3D74D02B-4514-4D31-BD24-0CC12E996A04}.AppStore|ARM.Build.0 = Release|Any CPU
		{3D74D02B-4514-4D31-BD24-0CC12E996A04}.AppStore|iPhone.ActiveCfg = Release|Any CPU
		{3D74D02B-4514-4D31-BD24-0CC12E996A04}.AppStore|iPhone.Build.0 = Release|Any CPU
		{3D74D02B-4514-4D31-BD24-0CC12E996A04}.AppStore|iPhoneSimulator.ActiveCfg = Release|Any CPU
		{3D74D02B-4514-4D31-BD24-0CC12E996A04}.AppStore|iPhoneSimulator.Build.0 = Release|Any CPU
		{3D74D02B-4514-4D31-BD24-0CC12E996A04}.AppStore|x64.ActiveCfg = Release|Any CPU
		{3D74D02B-4514-4D31-BD24-0CC12E996A04}.AppStore|x64.Build.0 = Release|Any CPU
		{3D74D02B-4514-4D31-BD24-0CC12E996A04}.AppStore|x86.ActiveCfg = Release|Any CPU
		{3D74D02B-4514-4D31-BD24-0CC12E996A04}.AppStore|x86.Build.0 = Release|Any CPU
		{3D74D02B-4514-4D31-BD24-0CC12E996A04}.Debug|Any CPU.ActiveCfg = Debug|Any CPU
		{3D74D02B-4514-4D31-BD24-0CC12E996A04}.Debug|Any CPU.Build.0 = Debug|Any CPU
		{3D74D02B-4514-4D31-BD24-0CC12E996A04}.Debug|ARM.ActiveCfg = Debug|Any CPU
		{3D74D02B-4514-4D31-BD24-0CC12E996A04}.Debug|ARM.Build.0 = Debug|Any CPU
		{3D74D02B-4514-4D31-BD24-0CC12E996A04}.Debug|iPhone.ActiveCfg = Debug|Any CPU
		{3D74D02B-4514-4D31-BD24-0CC12E996A04}.Debug|iPhone.Build.0 = Debug|Any CPU
		{3D74D02B-4514-4D31-BD24-0CC12E996A04}.Debug|iPhoneSimulator.ActiveCfg = Debug|Any CPU
		{3D74D02B-4514-4D31-BD24-0CC12E996A04}.Debug|iPhoneSimulator.Build.0 = Debug|Any CPU
		{3D74D02B-4514-4D31-BD24-0CC12E996A04}.Debug|x64.ActiveCfg = Debug|Any CPU
		{3D74D02B-4514-4D31-BD24-0CC12E996A04}.Debug|x64.Build.0 = Debug|Any CPU
		{3D74D02B-4514-4D31-BD24-0CC12E996A04}.Debug|x86.ActiveCfg = Debug|Any CPU
		{3D74D02B-4514-4D31-BD24-0CC12E996A04}.Debug|x86.Build.0 = Debug|Any CPU
		{3D74D02B-4514-4D31-BD24-0CC12E996A04}.Release|Any CPU.ActiveCfg = Release|Any CPU
		{3D74D02B-4514-4D31-BD24-0CC12E996A04}.Release|Any CPU.Build.0 = Release|Any CPU
		{3D74D02B-4514-4D31-BD24-0CC12E996A04}.Release|ARM.ActiveCfg = Release|Any CPU
		{3D74D02B-4514-4D31-BD24-0CC12E996A04}.Release|ARM.Build.0 = Release|Any CPU
		{3D74D02B-4514-4D31-BD24-0CC12E996A04}.Release|iPhone.ActiveCfg = Release|Any CPU
		{3D74D02B-4514-4D31-BD24-0CC12E996A04}.Release|iPhone.Build.0 = Release|Any CPU
		{3D74D02B-4514-4D31-BD24-0CC12E996A04}.Release|iPhoneSimulator.ActiveCfg = Release|Any CPU
		{3D74D02B-4514-4D31-BD24-0CC12E996A04}.Release|iPhoneSimulator.Build.0 = Release|Any CPU
		{3D74D02B-4514-4D31-BD24-0CC12E996A04}.Release|x64.ActiveCfg = Release|Any CPU
		{3D74D02B-4514-4D31-BD24-0CC12E996A04}.Release|x64.Build.0 = Release|Any CPU
		{3D74D02B-4514-4D31-BD24-0CC12E996A04}.Release|x86.ActiveCfg = Release|Any CPU
		{3D74D02B-4514-4D31-BD24-0CC12E996A04}.Release|x86.Build.0 = Release|Any CPU
	EndGlobalSection
	GlobalSection(SolutionProperties) = preSolution
		HideSolutionNode = FALSE
	EndGlobalSection
	GlobalSection(ExtensibilityGlobals) = postSolution
		SolutionGuid = {51C86C1A-5B06-4AE8-A529-9A9C66214B60}
	EndGlobalSection
EndGlobal
